
Microsoft Visual Studio Solution File, Format Version 12.00
# Visual Studio Version 17
VisualStudioVersion = 17.9.34714.143
MinimumVisualStudioVersion = 10.0.40219.1
Project("{FAE04EC0-301F-11D3-BF4B-00C04F79EFBC}") = "data", "data\data.csproj", "{97864598-03B5-4352-B0B2-24509C943263}"
EndProject
Global
	GlobalSection(SolutionConfigurationPlatforms) = preSolution
		Debug|Any CPU = Debug|Any CPU
		Release|Any CPU = Release|Any CPU
	EndGlobalSection
	GlobalSection(ProjectConfigurationPlatforms) = postSolution
		{97864598-03B5-4352-B0B2-24509C943263}.Debug|Any CPU.ActiveCfg = Debug|Any CPU
		{97864598-03B5-4352-B0B2-24509C943263}.Debug|Any CPU.Build.0 = Debug|Any CPU
		{97864598-03B5-4352-B0B2-24509C943263}.Release|Any CPU.ActiveCfg = Release|Any CPU
		{97864598-03B5-4352-B0B2-24509C943263}.Release|Any CPU.Build.0 = Release|Any CPU
	EndGlobalSection
	GlobalSection(SolutionProperties) = preSolution
		HideSolutionNode = FALSE
	EndGlobalSection
	GlobalSection(ExtensibilityGlobals) = postSolution
		SolutionGuid = {2FE85831-3F82-4845-B818-D62A8A48FDEB}
	EndGlobalSection
EndGlobal
